
Microsoft Visual Studio Solution File, Format Version 12.00
# Visual Studio 15
VisualStudioVersion = 15.0.27703.2000
MinimumVisualStudioVersion = 10.0.40219.1
Project("{FAE04EC0-301F-11D3-BF4B-00C04F79EFBC}") = "BankApp", "BankApp\BankApp.csproj", "{A25BE545-9A2B-46E0-82FB-4FB2833FF94D}"
EndProject
Global
	GlobalSection(SolutionConfigurationPlatforms) = preSolution
		Debug|Any CPU = Debug|Any CPU
		Release|Any CPU = Release|Any CPU
	EndGlobalSection
	GlobalSection(ProjectConfigurationPlatforms) = postSolution
		{A25BE545-9A2B-46E0-82FB-4FB2833FF94D}.Debug|Any CPU.ActiveCfg = Debug|Any CPU
		{A25BE545-9A2B-46E0-82FB-4FB2833FF94D}.Debug|Any CPU.Build.0 = Debug|Any CPU
		{A25BE545-9A2B-46E0-82FB-4FB2833FF94D}.Release|Any CPU.ActiveCfg = Release|Any CPU
		{A25BE545-9A2B-46E0-82FB-4FB2833FF94D}.Release|Any CPU.Build.0 = Release|Any CPU
	EndGlobalSection
	GlobalSection(SolutionProperties) = preSolution
		HideSolutionNode = FALSE
	EndGlobalSection
	GlobalSection(ExtensibilityGlobals) = postSolution
		SolutionGuid = {2ECDD82B-0B10-4893-ACAF-F5D7018DC9B5}
	EndGlobalSection
EndGlobal
